#
# This file is autogenerated by pip-compile with Python 3.13
# by the following command:
#
#    pip-compile --output-file=requirements.lock pyproject.toml
#
annotated-doc==0.0.4
    # via fastapi
annotated-types==0.7.0
    # via pydantic
anyio==4.13.0
    # via
    #   httpx
    #   starlette
certifi==2026.4.22
    # via
    #   httpcore
    #   httpx
click==8.3.3
    # via uvicorn
fastapi==0.136.1
    # via prism (pyproject.toml)
h11==0.16.0
    # via
    #   httpcore
    #   uvicorn
httpcore==1.0.9
    # via httpx
httpx==0.28.1
    # via prism (pyproject.toml)
idna==3.14
    # via
    #   anyio
    #   httpx
pydantic==2.13.4
    # via
    #   fastapi
    #   prism (pyproject.toml)
pydantic-core==2.46.4
    # via pydantic
pyjwt==2.12.1
    # via redis
redis==5.3.1
    # via prism (pyproject.toml)
starlette==1.0.0
    # via fastapi
structlog==24.4.0
    # via prism (pyproject.toml)
typing-extensions==4.15.0
    # via
    #   fastapi
    #   pydantic
    #   pydantic-core
    #   typing-inspection
typing-inspection==0.4.2
    # via
    #   fastapi
    #   pydantic
uvicorn==0.46.0
    # via prism (pyproject.toml)
